
Microsoft Visual Studio Solution File, Format Version 12.00
# Visual Studio Version 16
VisualStudioVersion = 16.0.30611.23
MinimumVisualStudioVersion = 10.0.40219.1
Project("{2150E333-8FDC-42A3-9474-1A3956D46DE8}") = "1 - Presentation", "1 - Presentation", "{E621BE5B-BC04-4C30-9897-3A4FA148549D}"
EndProject
Project("{2150E333-8FDC-42A3-9474-1A3956D46DE8}") = "2 - Application", "2 - Application", "{A88033A4-3BCD-4DF8-8771-7B11A96AAE33}"
EndProject
Project("{2150E333-8FDC-42A3-9474-1A3956D46DE8}") = "3 - Domain", "3 - Domain", "{9CA6B87F-A48E-470A-9C2F-77F4D623EC37}"
EndProject
Project("{2150E333-8FDC-42A3-9474-1A3956D46DE8}") = "4 - Infrastructure", "4 - Infrastructure", "{04175131-7FFE-475A-B769-03F5D0E31AB4}"
EndProject
Project("{2150E333-8FDC-42A3-9474-1A3956D46DE8}") = "5 - Test", "5 - Test", "{2D157AA3-3794-4EAE-BB05-81A83C4B0DF3}"
EndProject
Project("{9A19103F-16F7-4668-BE54-9A1E7A4F7556}") = "Taxpayer.Application.Implementation", "Taxpayer.Application.Implementation\Taxpayer.Application.Implementation.csproj", "{550BF1C8-C182-4E69-B7E4-2422491EE3B0}"
EndProject
Project("{9A19103F-16F7-4668-BE54-9A1E7A4F7556}") = "Taxpayer.Application.Interface", "Taxpayer.Application.Interface\Taxpayer.Application.Interface.csproj", "{458E7008-D332-4DED-85F4-8273DB4AFE02}"
EndProject
Project("{9A19103F-16F7-4668-BE54-9A1E7A4F7556}") = "Taxpayer.Application.Model", "Taxpayer.Application.Model\Taxpayer.Application.Model.csproj", "{BD3816AA-008B-4C54-A0DD-3FD14FCE63EF}"
EndProject
Project("{9A19103F-16F7-4668-BE54-9A1E7A4F7556}") = "Taxpayer.Domain.Interface", "Taxpayer.Domain.Interface\Taxpayer.Domain.Interface.csproj", "{CA663882-C81B-4FD3-802C-6488FC2D431D}"
EndProject
Project("{9A19103F-16F7-4668-BE54-9A1E7A4F7556}") = "Taxpayer.Domain.Services", "Taxpayer.Domain.Services\Taxpayer.Domain.Services.csproj", "{64A1FAAC-D921-495D-95D1-5AA3AF743E40}"
EndProject
Project("{9A19103F-16F7-4668-BE54-9A1E7A4F7556}") = "Taxpayer.Infra.CrossCutting.IoC", "Taxpayer.Infra.CrossCutting.IoC\Taxpayer.Infra.CrossCutting.IoC.csproj", "{0D732A49-2B10-42E3-ACD1-4C3F5C80F7FA}"
EndProject
Project("{9A19103F-16F7-4668-BE54-9A1E7A4F7556}") = "Taxpayer.Infra.Data", "Taxpayer.Infra.Data\Taxpayer.Infra.Data.csproj", "{9BE4F7AB-0C8E-43AC-8273-A03786BECC31}"
EndProject
Project("{9A19103F-16F7-4668-BE54-9A1E7A4F7556}") = "Taxpayer.Domain", "Taxpayer.Domain\Taxpayer.Domain.csproj", "{0FD080ED-E034-4067-AB0B-1A15322918AB}"
EndProject
Project("{9A19103F-16F7-4668-BE54-9A1E7A4F7556}") = "Taxpayer.Infra.CrossCutting.Utils", "Taxpayer.Infra.CrossCutting.Utils\Taxpayer.Infra.CrossCutting.Utils.csproj", "{379D53ED-6F64-4039-B1B2-E37344D969F3}"
EndProject
Project("{9A19103F-16F7-4668-BE54-9A1E7A4F7556}") = "Taxpayer.Domain.Test", "Taxpayer.Domain.Test\Taxpayer.Domain.Test.csproj", "{EC486BAA-277E-4BF3-9273-2C282A769E3D}"
EndProject
Project("{9A19103F-16F7-4668-BE54-9A1E7A4F7556}") = "Taxpayer.Web", "Taxpayer.Web\Taxpayer.Web.csproj", "{D07B55F3-BCAA-4236-84EE-AED7FFC90EA0}"
EndProject
Project("{9A19103F-16F7-4668-BE54-9A1E7A4F7556}") = "Taxpayer.Domain.Services.Test", "Taxpayer.Domain.Services.Test\Taxpayer.Domain.Services.Test.csproj", "{D39E7739-675C-401D-986B-45BB01740E66}"
EndProject
Global
	GlobalSection(SolutionConfigurationPlatforms) = preSolution
		Debug|Any CPU = Debug|Any CPU
		Release|Any CPU = Release|Any CPU
	EndGlobalSection
	GlobalSection(ProjectConfigurationPlatforms) = postSolution
		{550BF1C8-C182-4E69-B7E4-2422491EE3B0}.Debug|Any CPU.ActiveCfg = Debug|Any CPU
		{550BF1C8-C182-4E69-B7E4-2422491EE3B0}.Debug|Any CPU.Build.0 = Debug|Any CPU
		{550BF1C8-C182-4E69-B7E4-2422491EE3B0}.Release|Any CPU.ActiveCfg = Release|Any CPU
		{550BF1C8-C182-4E69-B7E4-2422491EE3B0}.Release|Any CPU.Build.0 = Release|Any CPU
		{458E7008-D332-4DED-85F4-8273DB4AFE02}.Debug|Any CPU.ActiveCfg = Debug|Any CPU
		{458E7008-D332-4DED-85F4-8273DB4AFE02}.Debug|Any CPU.Build.0 = Debug|Any CPU
		{458E7008-D332-4DED-85F4-8273DB4AFE02}.Release|Any CPU.ActiveCfg = Release|Any CPU
		{458E7008-D332-4DED-85F4-8273DB4AFE02}.Release|Any CPU.Build.0 = Release|Any CPU
		{BD3816AA-008B-4C54-A0DD-3FD14FCE63EF}.Debug|Any CPU.ActiveCfg = Debug|Any CPU
		{BD3816AA-008B-4C54-A0DD-3FD14FCE63EF}.Debug|Any CPU.Build.0 = Debug|Any CPU
		{BD3816AA-008B-4C54-A0DD-3FD14FCE63EF}.Release|Any CPU.ActiveCfg = Release|Any CPU
		{BD3816AA-008B-4C54-A0DD-3FD14FCE63EF}.Release|Any CPU.Build.0 = Release|Any CPU
		{CA663882-C81B-4FD3-802C-6488FC2D431D}.Debug|Any CPU.ActiveCfg = Debug|Any CPU
		{CA663882-C81B-4FD3-802C-6488FC2D431D}.Debug|Any CPU.Build.0 = Debug|Any CPU
		{CA663882-C81B-4FD3-802C-6488FC2D431D}.Release|Any CPU.ActiveCfg = Release|Any CPU
		{CA663882-C81B-4FD3-802C-6488FC2D431D}.Release|Any CPU.Build.0 = Release|Any CPU
		{64A1FAAC-D921-495D-95D1-5AA3AF743E40}.Debug|Any CPU.ActiveCfg = Debug|Any CPU
		{64A1FAAC-D921-495D-95D1-5AA3AF743E40}.Debug|Any CPU.Build.0 = Debug|Any CPU
		{64A1FAAC-D921-495D-95D1-5AA3AF743E40}.Release|Any CPU.ActiveCfg = Release|Any CPU
		{64A1FAAC-D921-495D-95D1-5AA3AF743E40}.Release|Any CPU.Build.0 = Release|Any CPU
		{0D732A49-2B10-42E3-ACD1-4C3F5C80F7FA}.Debug|Any CPU.ActiveCfg = Debug|Any CPU
		{0D732A49-2B10-42E3-ACD1-4C3F5C80F7FA}.Debug|Any CPU.Build.0 = Debug|Any CPU
		{0D732A49-2B10-42E3-ACD1-4C3F5C80F7FA}.Release|Any CPU.ActiveCfg = Release|Any CPU
		{0D732A49-2B10-42E3-ACD1-4C3F5C80F7FA}.Release|Any CPU.Build.0 = Release|Any CPU
		{9BE4F7AB-0C8E-43AC-8273-A03786BECC31}.Debug|Any CPU.ActiveCfg = Debug|Any CPU
		{9BE4F7AB-0C8E-43AC-8273-A03786BECC31}.Debug|Any CPU.Build.0 = Debug|Any CPU
		{9BE4F7AB-0C8E-43AC-8273-A03786BECC31}.Release|Any CPU.ActiveCfg = Release|Any CPU
		{9BE4F7AB-0C8E-43AC-8273-A03786BECC31}.Release|Any CPU.Build.0 = Release|Any CPU
		{0FD080ED-E034-4067-AB0B-1A15322918AB}.Debug|Any CPU.ActiveCfg = Debug|Any CPU
		{0FD080ED-E034-4067-AB0B-1A15322918AB}.Debug|Any CPU.Build.0 = Debug|Any CPU
		{0FD080ED-E034-4067-AB0B-1A15322918AB}.Release|Any CPU.ActiveCfg = Release|Any CPU
		{0FD080ED-E034-4067-AB0B-1A15322918AB}.Release|Any CPU.Build.0 = Release|Any CPU
		{379D53ED-6F64-4039-B1B2-E37344D969F3}.Debug|Any CPU.ActiveCfg = Debug|Any CPU
		{379D53ED-6F64-4039-B1B2-E37344D969F3}.Debug|Any CPU.Build.0 = Debug|Any CPU
		{379D53ED-6F64-4039-B1B2-E37344D969F3}.Release|Any CPU.ActiveCfg = Release|Any CPU
		{379D53ED-6F64-4039-B1B2-E37344D969F3}.Release|Any CPU.Build.0 = Release|Any CPU
		{EC486BAA-277E-4BF3-9273-2C282A769E3D}.Debug|Any CPU.ActiveCfg = Debug|Any CPU
		{EC486BAA-277E-4BF3-9273-2C282A769E3D}.Debug|Any CPU.Build.0 = Debug|Any CPU
		{EC486BAA-277E-4BF3-9273-2C282A769E3D}.Release|Any CPU.ActiveCfg = Release|Any CPU
		{EC486BAA-277E-4BF3-9273-2C282A769E3D}.Release|Any CPU.Build.0 = Release|Any CPU
		{D07B55F3-BCAA-4236-84EE-AED7FFC90EA0}.Debug|Any CPU.ActiveCfg = Debug|Any CPU
		{D07B55F3-BCAA-4236-84EE-AED7FFC90EA0}.Debug|Any CPU.Build.0 = Debug|Any CPU
		{D07B55F3-BCAA-4236-84EE-AED7FFC90EA0}.Release|Any CPU.ActiveCfg = Release|Any CPU
		{D07B55F3-BCAA-4236-84EE-AED7FFC90EA0}.Release|Any CPU.Build.0 = Release|Any CPU
		{D39E7739-675C-401D-986B-45BB01740E66}.Debug|Any CPU.ActiveCfg = Debug|Any CPU
		{D39E7739-675C-401D-986B-45BB01740E66}.Debug|Any CPU.Build.0 = Debug|Any CPU
		{D39E7739-675C-401D-986B-45BB01740E66}.Release|Any CPU.ActiveCfg = Release|Any CPU
		{D39E7739-675C-401D-986B-45BB01740E66}.Release|Any CPU.Build.0 = Release|Any CPU
	EndGlobalSection
	GlobalSection(SolutionProperties) = preSolution
		HideSolutionNode = FALSE
	EndGlobalSection
	GlobalSection(NestedProjects) = preSolution
		{550BF1C8-C182-4E69-B7E4-2422491EE3B0} = {A88033A4-3BCD-4DF8-8771-7B11A96AAE33}
		{458E7008-D332-4DED-85F4-8273DB4AFE02} = {A88033A4-3BCD-4DF8-8771-7B11A96AAE33}
		{BD3816AA-008B-4C54-A0DD-3FD14FCE63EF} = {A88033A4-3BCD-4DF8-8771-7B11A96AAE33}
		{CA663882-C81B-4FD3-802C-6488FC2D431D} = {9CA6B87F-A48E-470A-9C2F-77F4D623EC37}
		{64A1FAAC-D921-495D-95D1-5AA3AF743E40} = {9CA6B87F-A48E-470A-9C2F-77F4D623EC37}
		{0D732A49-2B10-42E3-ACD1-4C3F5C80F7FA} = {04175131-7FFE-475A-B769-03F5D0E31AB4}
		{9BE4F7AB-0C8E-43AC-8273-A03786BECC31} = {04175131-7FFE-475A-B769-03F5D0E31AB4}
		{0FD080ED-E034-4067-AB0B-1A15322918AB} = {9CA6B87F-A48E-470A-9C2F-77F4D623EC37}
		{379D53ED-6F64-4039-B1B2-E37344D969F3} = {04175131-7FFE-475A-B769-03F5D0E31AB4}
		{EC486BAA-277E-4BF3-9273-2C282A769E3D} = {2D157AA3-3794-4EAE-BB05-81A83C4B0DF3}
		{D07B55F3-BCAA-4236-84EE-AED7FFC90EA0} = {E621BE5B-BC04-4C30-9897-3A4FA148549D}
		{D39E7739-675C-401D-986B-45BB01740E66} = {2D157AA3-3794-4EAE-BB05-81A83C4B0DF3}
	EndGlobalSection
	GlobalSection(ExtensibilityGlobals) = postSolution
		SolutionGuid = {B15F1B4B-2B8A-46A5-85C4-DC3708479BE0}
	EndGlobalSection
EndGlobal
